
Microsoft Visual Studio Solution File, Format Version 12.00
# Visual Studio Version 17
VisualStudioVersion = 17.4.33205.214
MinimumVisualStudioVersion = 10.0.40219.1
Project("{FAE04EC0-301F-11D3-BF4B-00C04F79EFBC}") = "Wallhacks-C", "Wallhacks-C.csproj", "{46D1A885-2E33-4705-AC5A-0A96A3D77187}"
EndProject
Global
	GlobalSection(SolutionConfigurationPlatforms) = preSolution
		Debug|Any CPU = Debug|Any CPU
		Release|Any CPU = Release|Any CPU
	EndGlobalSection
	GlobalSection(ProjectConfigurationPlatforms) = postSolution
		{46D1A885-2E33-4705-AC5A-0A96A3D77187}.Debug|Any CPU.ActiveCfg = Debug|Any CPU
		{46D1A885-2E33-4705-AC5A-0A96A3D77187}.Debug|Any CPU.Build.0 = Debug|Any CPU
		{46D1A885-2E33-4705-AC5A-0A96A3D77187}.Release|Any CPU.ActiveCfg = Release|Any CPU
		{46D1A885-2E33-4705-AC5A-0A96A3D77187}.Release|Any CPU.Build.0 = Release|Any CPU
	EndGlobalSection
	GlobalSection(SolutionProperties) = preSolution
		HideSolutionNode = FALSE
	EndGlobalSection
	GlobalSection(ExtensibilityGlobals) = postSolution
		SolutionGuid = {A0DE1BC8-F749-4B21-85CE-C948F115D643}
	EndGlobalSection
EndGlobal
